
Microsoft Visual Studio Solution File, Format Version 12.00
# Visual Studio Version 17
VisualStudioVersion = 17.5.2.0
MinimumVisualStudioVersion = 10.0.40219.1
Project("{2150E333-8FDC-42A3-9474-1A3956D46DE8}") = "src", "src", "{827E0CD3-B72D-47B6-A68D-7590B98EB39B}"
EndProject
Project("{FAE04EC0-301F-11D3-BF4B-00C04F79EFBC}") = "Equibles.CommonStocks.Repositories", "src\Equibles.CommonStocks.Repositories\Equibles.CommonStocks.Repositories.csproj", "{B903D79D-D621-0599-60A6-5E3CA3508636}"
EndProject
Project("{FAE04EC0-301F-11D3-BF4B-00C04F79EFBC}") = "Equibles.InsiderTrading.Repositories", "src\Equibles.InsiderTrading.Repositories\Equibles.InsiderTrading.Repositories.csproj", "{2BE170BC-EC90-E50A-1E9B-8A898F5D8FAF}"
EndProject
Project("{FAE04EC0-301F-11D3-BF4B-00C04F79EFBC}") = "Equibles.Media.Repositories", "src\Equibles.Media.Repositories\Equibles.Media.Repositories.csproj", "{A9A7BBA5-E63B-3BA7-109A-30A89BAA1F99}"
EndProject
Project("{FAE04EC0-301F-11D3-BF4B-00C04F79EFBC}") = "Equibles.Finra.Repositories", "src\Equibles.Finra.Repositories\Equibles.Finra.Repositories.csproj", "{5E763A2E-8F39-FC21-52CF-92C84A64D472}"
EndProject
Project("{FAE04EC0-301F-11D3-BF4B-00C04F79EFBC}") = "Equibles.Sec.Data", "src\Equibles.Sec.Data\Equibles.Sec.Data.csproj", "{90361E89-9AD3-605E-9CC1-B0030E209C53}"
EndProject
Project("{FAE04EC0-301F-11D3-BF4B-00C04F79EFBC}") = "Equibles.Holdings.Repositories", "src\Equibles.Holdings.Repositories\Equibles.Holdings.Repositories.csproj", "{059CB29E-A63A-5D48-D03F-05D569954BB9}"
EndProject
Project("{FAE04EC0-301F-11D3-BF4B-00C04F79EFBC}") = "Equibles.Congress.Repositories", "src\Equibles.Congress.Repositories\Equibles.Congress.Repositories.csproj", "{6062151D-BD26-0FE9-355C-9A5EC4714B04}"
EndProject
Project("{FAE04EC0-301F-11D3-BF4B-00C04F79EFBC}") = "Equibles.Mcp", "src\Equibles.Mcp\Equibles.Mcp.csproj", "{58B8CE69-F20C-9A73-6F46-96038C3EC3AF}"
EndProject
Project("{FAE04EC0-301F-11D3-BF4B-00C04F79EFBC}") = "Equibles.Media.Data", "src\Equibles.Media.Data\Equibles.Media.Data.csproj", "{8235D80F-D9F9-E612-8AFF-D8D4A12E4288}"
EndProject
Project("{FAE04EC0-301F-11D3-BF4B-00C04F79EFBC}") = "Equibles.InsiderTrading.Data", "src\Equibles.InsiderTrading.Data\Equibles.InsiderTrading.Data.csproj", "{D3C8385B-B4A1-0004-D4EA-28B9366951CC}"
EndProject
Project("{FAE04EC0-301F-11D3-BF4B-00C04F79EFBC}") = "Equibles.Sec.Repositories", "src\Equibles.Sec.Repositories\Equibles.Sec.Repositories.csproj", "{C7EDD03E-6E36-38FA-C285-7BB38BDF291B}"
EndProject
Project("{FAE04EC0-301F-11D3-BF4B-00C04F79EFBC}") = "Equibles.Data", "src\Equibles.Data\Equibles.Data.csproj", "{903F1AE8-9C2D-20C1-AD32-49EAB87DAE87}"
EndProject
Project("{FAE04EC0-301F-11D3-BF4B-00C04F79EFBC}") = "Equibles.Errors.Data", "src\Equibles.Errors.Data\Equibles.Errors.Data.csproj", "{53CDA7EC-A494-00FD-7593-45BEF4EF37E5}"
EndProject
Project("{FAE04EC0-301F-11D3-BF4B-00C04F79EFBC}") = "Equibles.Congress.Data", "src\Equibles.Congress.Data\Equibles.Congress.Data.csproj", "{32F9EC66-5142-E06B-EFE7-FB15F1C9012C}"
EndProject
Project("{FAE04EC0-301F-11D3-BF4B-00C04F79EFBC}") = "Equibles.Finra.Data", "src\Equibles.Finra.Data\Equibles.Finra.Data.csproj", "{83120A07-6A8A-8494-FE1C-08DD44868A5A}"
EndProject
Project("{FAE04EC0-301F-11D3-BF4B-00C04F79EFBC}") = "Equibles.CommonStocks.Data", "src\Equibles.CommonStocks.Data\Equibles.CommonStocks.Data.csproj", "{5B77FC02-6E25-34B6-B2E9-E865B58943C7}"
EndProject
Project("{FAE04EC0-301F-11D3-BF4B-00C04F79EFBC}") = "Equibles.Holdings.Data", "src\Equibles.Holdings.Data\Equibles.Holdings.Data.csproj", "{A7540192-2E3F-610A-FEBC-76D072ED3723}"
EndProject
Project("{FAE04EC0-301F-11D3-BF4B-00C04F79EFBC}") = "Equibles.Errors.Repositories", "src\Equibles.Errors.Repositories\Equibles.Errors.Repositories.csproj", "{F1315DEA-0C14-8D6C-9A57-5629D6BBA149}"
EndProject
Project("{FAE04EC0-301F-11D3-BF4B-00C04F79EFBC}") = "Equibles.CommonStocks.BusinessLogic", "src\Equibles.CommonStocks.BusinessLogic\Equibles.CommonStocks.BusinessLogic.csproj", "{326C86DE-4D8B-4A63-8C56-F762EEDCDD9F}"
EndProject
Project("{FAE04EC0-301F-11D3-BF4B-00C04F79EFBC}") = "Equibles.Errors.BusinessLogic", "src\Equibles.Errors.BusinessLogic\Equibles.Errors.BusinessLogic.csproj", "{E7E70113-A89F-462D-B168-475AAF73C5E5}"
EndProject
Project("{FAE04EC0-301F-11D3-BF4B-00C04F79EFBC}") = "Equibles.Media.BusinessLogic", "src\Equibles.Media.BusinessLogic\Equibles.Media.BusinessLogic.csproj", "{7BF7E186-268C-4004-B639-6E8198BFE215}"
EndProject
Project("{FAE04EC0-301F-11D3-BF4B-00C04F79EFBC}") = "Equibles.Congress.HostedService", "src\Equibles.Congress.HostedService\Equibles.Congress.HostedService.csproj", "{64318C36-70D6-4709-84E1-17C52A288F53}"
EndProject
Project("{FAE04EC0-301F-11D3-BF4B-00C04F79EFBC}") = "Equibles.Holdings.HostedService", "src\Equibles.Holdings.HostedService\Equibles.Holdings.HostedService.csproj", "{A3D29BA3-35BF-4E50-97BC-7D7B00D40021}"
EndProject
Project("{FAE04EC0-301F-11D3-BF4B-00C04F79EFBC}") = "Equibles.Integrations.Common", "src\Equibles.Integrations.Common\Equibles.Integrations.Common.csproj", "{2BE57A54-E079-4B64-89A3-E0D0A61F01D5}"
EndProject
Project("{FAE04EC0-301F-11D3-BF4B-00C04F79EFBC}") = "Equibles.Integrations.Finra", "src\Equibles.Integrations.Finra\Equibles.Integrations.Finra.csproj", "{2D33B91E-315B-4A3D-B51E-908636EC613B}"
EndProject
Project("{FAE04EC0-301F-11D3-BF4B-00C04F79EFBC}") = "Equibles.Integrations.Sec", "src\Equibles.Integrations.Sec\Equibles.Integrations.Sec.csproj", "{50B9EC01-9D1C-4E96-9D07-EE8FBE0CFA6A}"
EndProject
Project("{FAE04EC0-301F-11D3-BF4B-00C04F79EFBC}") = "Equibles.Sec.BusinessLogic", "src\Equibles.Sec.BusinessLogic\Equibles.Sec.BusinessLogic.csproj", "{5E08D384-24DB-4BEA-BE45-CF4FB3257E69}"
EndProject
Project("{FAE04EC0-301F-11D3-BF4B-00C04F79EFBC}") = "Equibles.Sec.HostedService", "src\Equibles.Sec.HostedService\Equibles.Sec.HostedService.csproj", "{5120B41F-8CF3-43A1-AD29-3D3F39BF2D73}"
EndProject
Project("{FAE04EC0-301F-11D3-BF4B-00C04F79EFBC}") = "Equibles.Finra.HostedService", "src\Equibles.Finra.HostedService\Equibles.Finra.HostedService.csproj", "{DCE314E0-2EB8-45FC-92BE-270078BC7F30}"
EndProject
Project("{FAE04EC0-301F-11D3-BF4B-00C04F79EFBC}") = "Equibles.Worker.Host", "src\Equibles.Worker.Host\Equibles.Worker.Host.csproj", "{60675BBF-7F62-45DD-A335-EFDADDDFB794}"
EndProject
Project("{FAE04EC0-301F-11D3-BF4B-00C04F79EFBC}") = "Equibles.Holdings.Mcp", "src\Equibles.Holdings.Mcp\Equibles.Holdings.Mcp.csproj", "{62240576-AF57-49B8-B19B-9C3CC6CBAC7D}"
EndProject
Project("{FAE04EC0-301F-11D3-BF4B-00C04F79EFBC}") = "Equibles.InsiderTrading.Mcp", "src\Equibles.InsiderTrading.Mcp\Equibles.InsiderTrading.Mcp.csproj", "{8960E98E-67EB-4FDE-AF6A-81E6ABD9FAF8}"
EndProject
Project("{FAE04EC0-301F-11D3-BF4B-00C04F79EFBC}") = "Equibles.Mcp.Server", "src\Equibles.Mcp.Server\Equibles.Mcp.Server.csproj", "{1EDADA1C-1346-40AB-954F-DC65D76A81F4}"
EndProject
Project("{FAE04EC0-301F-11D3-BF4B-00C04F79EFBC}") = "Equibles.Sec.Mcp", "src\Equibles.Sec.Mcp\Equibles.Sec.Mcp.csproj", "{5F3F6021-8D4A-4FDF-84B4-5BDBEBB80946}"
EndProject
Project("{FAE04EC0-301F-11D3-BF4B-00C04F79EFBC}") = "Equibles.Core", "src\Equibles.Core\Equibles.Core.csproj", "{FC27A0F4-2F5D-46D8-9757-5272064558FD}"
EndProject
Project("{FAE04EC0-301F-11D3-BF4B-00C04F79EFBC}") = "Equibles.Web", "src\Equibles.Web\Equibles.Web.csproj", "{4EDFB824-1323-41C0-BF47-343BC3696EA2}"
EndProject
Project("{FAE04EC0-301F-11D3-BF4B-00C04F79EFBC}") = "Equibles.Migrations", "src\Equibles.Migrations\Equibles.Migrations.csproj", "{E0BABC07-08AD-4051-87F1-1EC1B0765CE4}"
EndProject
Project("{FAE04EC0-301F-11D3-BF4B-00C04F79EFBC}") = "Equibles.Integrations.Fred", "src\Equibles.Integrations.Fred\Equibles.Integrations.Fred.csproj", "{404283D4-326F-4359-9969-9D6EC7FE629E}"
EndProject
Project("{FAE04EC0-301F-11D3-BF4B-00C04F79EFBC}") = "Equibles.Fred.Data", "src\Equibles.Fred.Data\Equibles.Fred.Data.csproj", "{3F772623-3FD6-492F-AF73-67FD69AF8D49}"
EndProject
Project("{FAE04EC0-301F-11D3-BF4B-00C04F79EFBC}") = "Equibles.Fred.Repositories", "src\Equibles.Fred.Repositories\Equibles.Fred.Repositories.csproj", "{25322A8C-7507-4476-A6C3-4A851DD8E081}"
EndProject
Project("{FAE04EC0-301F-11D3-BF4B-00C04F79EFBC}") = "Equibles.Fred.HostedService", "src\Equibles.Fred.HostedService\Equibles.Fred.HostedService.csproj", "{F8EB20B2-56EB-4151-9A81-C8F9F46B1AF4}"
EndProject
Project("{FAE04EC0-301F-11D3-BF4B-00C04F79EFBC}") = "Equibles.Fred.Mcp", "src\Equibles.Fred.Mcp\Equibles.Fred.Mcp.csproj", "{5922D51B-C3D6-406E-B122-030D9F9ED784}"
EndProject
Project("{2150E333-8FDC-42A3-9474-1A3956D46DE8}") = "tests", "tests", "{0AB3BF05-4346-4AA6-1389-037BE0695223}"
EndProject
Project("{FAE04EC0-301F-11D3-BF4B-00C04F79EFBC}") = "Equibles.Tests", "tests\Equibles.Tests\Equibles.Tests.csproj", "{85F7D223-20AB-4A37-9BAF-9F3788E13F53}"
EndProject
Global
	GlobalSection(SolutionConfigurationPlatforms) = preSolution
		Debug|Any CPU = Debug|Any CPU
		Debug|x64 = Debug|x64
		Debug|x86 = Debug|x86
		Release|Any CPU = Release|Any CPU
		Release|x64 = Release|x64
		Release|x86 = Release|x86
	EndGlobalSection
	GlobalSection(ProjectConfigurationPlatforms) = postSolution
		{B903D79D-D621-0599-60A6-5E3CA3508636}.Debug|Any CPU.ActiveCfg = Debug|Any CPU
		{B903D79D-D621-0599-60A6-5E3CA3508636}.Debug|Any CPU.Build.0 = Debug|Any CPU
		{B903D79D-D621-0599-60A6-5E3CA3508636}.Debug|x64.ActiveCfg = Debug|Any CPU
		{B903D79D-D621-0599-60A6-5E3CA3508636}.Debug|x64.Build.0 = Debug|Any CPU
		{B903D79D-D621-0599-60A6-5E3CA3508636}.Debug|x86.ActiveCfg = Debug|Any CPU
		{B903D79D-D621-0599-60A6-5E3CA3508636}.Debug|x86.Build.0 = Debug|Any CPU
		{B903D79D-D621-0599-60A6-5E3CA3508636}.Release|Any CPU.ActiveCfg = Release|Any CPU
		{B903D79D-D621-0599-60A6-5E3CA3508636}.Release|Any CPU.Build.0 = Release|Any CPU
		{B903D79D-D621-0599-60A6-5E3CA3508636}.Release|x64.ActiveCfg = Release|Any CPU
		{B903D79D-D621-0599-60A6-5E3CA3508636}.Release|x64.Build.0 = Release|Any CPU
		{B903D79D-D621-0599-60A6-5E3CA3508636}.Release|x86.ActiveCfg = Release|Any CPU
		{B903D79D-D621-0599-60A6-5E3CA3508636}.Release|x86.Build.0 = Release|Any CPU
		{2BE170BC-EC90-E50A-1E9B-8A898F5D8FAF}.Debug|Any CPU.ActiveCfg = Debug|Any CPU
		{2BE170BC-EC90-E50A-1E9B-8A898F5D8FAF}.Debug|Any CPU.Build.0 = Debug|Any CPU
		{2BE170BC-EC90-E50A-1E9B-8A898F5D8FAF}.Debug|x64.ActiveCfg = Debug|Any CPU
		{2BE170BC-EC90-E50A-1E9B-8A898F5D8FAF}.Debug|x64.Build.0 = Debug|Any CPU
		{2BE170BC-EC90-E50A-1E9B-8A898F5D8FAF}.Debug|x86.ActiveCfg = Debug|Any CPU
		{2BE170BC-EC90-E50A-1E9B-8A898F5D8FAF}.Debug|x86.Build.0 = Debug|Any CPU
		{2BE170BC-EC90-E50A-1E9B-8A898F5D8FAF}.Release|Any CPU.ActiveCfg = Release|Any CPU
		{2BE170BC-EC90-E50A-1E9B-8A898F5D8FAF}.Release|Any CPU.Build.0 = Release|Any CPU
		{2BE170BC-EC90-E50A-1E9B-8A898F5D8FAF}.Release|x64.ActiveCfg = Release|Any CPU
		{2BE170BC-EC90-E50A-1E9B-8A898F5D8FAF}.Release|x64.Build.0 = Release|Any CPU
		{2BE170BC-EC90-E50A-1E9B-8A898F5D8FAF}.Release|x86.ActiveCfg = Release|Any CPU
		{2BE170BC-EC90-E50A-1E9B-8A898F5D8FAF}.Release|x86.Build.0 = Release|Any CPU
		{A9A7BBA5-E63B-3BA7-109A-30A89BAA1F99}.Debug|Any CPU.ActiveCfg = Debug|Any CPU
		{A9A7BBA5-E63B-3BA7-109A-30A89BAA1F99}.Debug|Any CPU.Build.0 = Debug|Any CPU
		{A9A7BBA5-E63B-3BA7-109A-30A89BAA1F99}.Debug|x64.ActiveCfg = Debug|Any CPU
		{A9A7BBA5-E63B-3BA7-109A-30A89BAA1F99}.Debug|x64.Build.0 = Debug|Any CPU
		{A9A7BBA5-E63B-3BA7-109A-30A89BAA1F99}.Debug|x86.ActiveCfg = Debug|Any CPU
		{A9A7BBA5-E63B-3BA7-109A-30A89BAA1F99}.Debug|x86.Build.0 = Debug|Any CPU
		{A9A7BBA5-E63B-3BA7-109A-30A89BAA1F99}.Release|Any CPU.ActiveCfg = Release|Any CPU
		{A9A7BBA5-E63B-3BA7-109A-30A89BAA1F99}.Release|Any CPU.Build.0 = Release|Any CPU
		{A9A7BBA5-E63B-3BA7-109A-30A89BAA1F99}.Release|x64.ActiveCfg = Release|Any CPU
		{A9A7BBA5-E63B-3BA7-109A-30A89BAA1F99}.Release|x64.Build.0 = Release|Any CPU
		{A9A7BBA5-E63B-3BA7-109A-30A89BAA1F99}.Release|x86.ActiveCfg = Release|Any CPU
		{A9A7BBA5-E63B-3BA7-109A-30A89BAA1F99}.Release|x86.Build.0 = Release|Any CPU
		{5E763A2E-8F39-FC21-52CF-92C84A64D472}.Debug|Any CPU.ActiveCfg = Debug|Any CPU
		{5E763A2E-8F39-FC21-52CF-92C84A64D472}.Debug|Any CPU.Build.0 = Debug|Any CPU
		{5E763A2E-8F39-FC21-52CF-92C84A64D472}.Debug|x64.ActiveCfg = Debug|Any CPU
		{5E763A2E-8F39-FC21-52CF-92C84A64D472}.Debug|x64.Build.0 = Debug|Any CPU
		{5E763A2E-8F39-FC21-52CF-92C84A64D472}.Debug|x86.ActiveCfg = Debug|Any CPU
		{5E763A2E-8F39-FC21-52CF-92C84A64D472}.Debug|x86.Build.0 = Debug|Any CPU
		{5E763A2E-8F39-FC21-52CF-92C84A64D472}.Release|Any CPU.ActiveCfg = Release|Any CPU
		{5E763A2E-8F39-FC21-52CF-92C84A64D472}.Release|Any CPU.Build.0 = Release|Any CPU
		{5E763A2E-8F39-FC21-52CF-92C84A64D472}.Release|x64.ActiveCfg = Release|Any CPU
		{5E763A2E-8F39-FC21-52CF-92C84A64D472}.Release|x64.Build.0 = Release|Any CPU
		{5E763A2E-8F39-FC21-52CF-92C84A64D472}.Release|x86.ActiveCfg = Release|Any CPU
		{5E763A2E-8F39-FC21-52CF-92C84A64D472}.Release|x86.Build.0 = Release|Any CPU
		{90361E89-9AD3-605E-9CC1-B0030E209C53}.Debug|Any CPU.ActiveCfg = Debug|Any CPU
		{90361E89-9AD3-605E-9CC1-B0030E209C53}.Debug|Any CPU.Build.0 = Debug|Any CPU
		{90361E89-9AD3-605E-9CC1-B0030E209C53}.Debug|x64.ActiveCfg = Debug|Any CPU
		{90361E89-9AD3-605E-9CC1-B0030E209C53}.Debug|x64.Build.0 = Debug|Any CPU
		{90361E89-9AD3-605E-9CC1-B0030E209C53}.Debug|x86.ActiveCfg = Debug|Any CPU
		{90361E89-9AD3-605E-9CC1-B0030E209C53}.Debug|x86.Build.0 = Debug|Any CPU
		{90361E89-9AD3-605E-9CC1-B0030E209C53}.Release|Any CPU.ActiveCfg = Release|Any CPU
		{90361E89-9AD3-605E-9CC1-B0030E209C53}.Release|Any CPU.Build.0 = Release|Any CPU
		{90361E89-9AD3-605E-9CC1-B0030E209C53}.Release|x64.ActiveCfg = Release|Any CPU
		{90361E89-9AD3-605E-9CC1-B0030E209C53}.Release|x64.Build.0 = Release|Any CPU
		{90361E89-9AD3-605E-9CC1-B0030E209C53}.Release|x86.ActiveCfg = Release|Any CPU
		{90361E89-9AD3-605E-9CC1-B0030E209C53}.Release|x86.Build.0 = Release|Any CPU
		{059CB29E-A63A-5D48-D03F-05D569954BB9}.Debug|Any CPU.ActiveCfg = Debug|Any CPU
		{059CB29E-A63A-5D48-D03F-05D569954BB9}.Debug|Any CPU.Build.0 = Debug|Any CPU
		{059CB29E-A63A-5D48-D03F-05D569954BB9}.Debug|x64.ActiveCfg = Debug|Any CPU
		{059CB29E-A63A-5D48-D03F-05D569954BB9}.Debug|x64.Build.0 = Debug|Any CPU
		{059CB29E-A63A-5D48-D03F-05D569954BB9}.Debug|x86.ActiveCfg = Debug|Any CPU
		{059CB29E-A63A-5D48-D03F-05D569954BB9}.Debug|x86.Build.0 = Debug|Any CPU
		{059CB29E-A63A-5D48-D03F-05D569954BB9}.Release|Any CPU.ActiveCfg = Release|Any CPU
		{059CB29E-A63A-5D48-D03F-05D569954BB9}.Release|Any CPU.Build.0 = Release|Any CPU
		{059CB29E-A63A-5D48-D03F-05D569954BB9}.Release|x64.ActiveCfg = Release|Any CPU
		{059CB29E-A63A-5D48-D03F-05D569954BB9}.Release|x64.Build.0 = Release|Any CPU
		{059CB29E-A63A-5D48-D03F-05D569954BB9}.Release|x86.ActiveCfg = Release|Any CPU
		{059CB29E-A63A-5D48-D03F-05D569954BB9}.Release|x86.Build.0 = Release|Any CPU
		{6062151D-BD26-0FE9-355C-9A5EC4714B04}.Debug|Any CPU.ActiveCfg = Debug|Any CPU
		{6062151D-BD26-0FE9-355C-9A5EC4714B04}.Debug|Any CPU.Build.0 = Debug|Any CPU
		{6062151D-BD26-0FE9-355C-9A5EC4714B04}.Debug|x64.ActiveCfg = Debug|Any CPU
		{6062151D-BD26-0FE9-355C-9A5EC4714B04}.Debug|x64.Build.0 = Debug|Any CPU
		{6062151D-BD26-0FE9-355C-9A5EC4714B04}.Debug|x86.ActiveCfg = Debug|Any CPU
		{6062151D-BD26-0FE9-355C-9A5EC4714B04}.Debug|x86.Build.0 = Debug|Any CPU
		{6062151D-BD26-0FE9-355C-9A5EC4714B04}.Release|Any CPU.ActiveCfg = Release|Any CPU
		{6062151D-BD26-0FE9-355C-9A5EC4714B04}.Release|Any CPU.Build.0 = Release|Any CPU
		{6062151D-BD26-0FE9-355C-9A5EC4714B04}.Release|x64.ActiveCfg = Release|Any CPU
		{6062151D-BD26-0FE9-355C-9A5EC4714B04}.Release|x64.Build.0 = Release|Any CPU
		{6062151D-BD26-0FE9-355C-9A5EC4714B04}.Release|x86.ActiveCfg = Release|Any CPU
		{6062151D-BD26-0FE9-355C-9A5EC4714B04}.Release|x86.Build.0 = Release|Any CPU
		{58B8CE69-F20C-9A73-6F46-96038C3EC3AF}.Debug|Any CPU.ActiveCfg = Debug|Any CPU
		{58B8CE69-F20C-9A73-6F46-96038C3EC3AF}.Debug|Any CPU.Build.0 = Debug|Any CPU
		{58B8CE69-F20C-9A73-6F46-96038C3EC3AF}.Debug|x64.ActiveCfg = Debug|Any CPU
		{58B8CE69-F20C-9A73-6F46-96038C3EC3AF}.Debug|x64.Build.0 = Debug|Any CPU
		{58B8CE69-F20C-9A73-6F46-96038C3EC3AF}.Debug|x86.ActiveCfg = Debug|Any CPU
		{58B8CE69-F20C-9A73-6F46-96038C3EC3AF}.Debug|x86.Build.0 = Debug|Any CPU
		{58B8CE69-F20C-9A73-6F46-96038C3EC3AF}.Release|Any CPU.ActiveCfg = Release|Any CPU
		{58B8CE69-F20C-9A73-6F46-96038C3EC3AF}.Release|Any CPU.Build.0 = Release|Any CPU
		{58B8CE69-F20C-9A73-6F46-96038C3EC3AF}.Release|x64.ActiveCfg = Release|Any CPU
		{58B8CE69-F20C-9A73-6F46-96038C3EC3AF}.Release|x64.Build.0 = Release|Any CPU
		{58B8CE69-F20C-9A73-6F46-96038C3EC3AF}.Release|x86.ActiveCfg = Release|Any CPU
		{58B8CE69-F20C-9A73-6F46-96038C3EC3AF}.Release|x86.Build.0 = Release|Any CPU
		{8235D80F-D9F9-E612-8AFF-D8D4A12E4288}.Debug|Any CPU.ActiveCfg = Debug|Any CPU
		{8235D80F-D9F9-E612-8AFF-D8D4A12E4288}.Debug|Any CPU.Build.0 = Debug|Any CPU
		{8235D80F-D9F9-E612-8AFF-D8D4A12E4288}.Debug|x64.ActiveCfg = Debug|Any CPU
		{8235D80F-D9F9-E612-8AFF-D8D4A12E4288}.Debug|x64.Build.0 = Debug|Any CPU
		{8235D80F-D9F9-E612-8AFF-D8D4A12E4288}.Debug|x86.ActiveCfg = Debug|Any CPU
		{8235D80F-D9F9-E612-8AFF-D8D4A12E4288}.Debug|x86.Build.0 = Debug|Any CPU
		{8235D80F-D9F9-E612-8AFF-D8D4A12E4288}.Release|Any CPU.ActiveCfg = Release|Any CPU
		{8235D80F-D9F9-E612-8AFF-D8D4A12E4288}.Release|Any CPU.Build.0 = Release|Any CPU
		{8235D80F-D9F9-E612-8AFF-D8D4A12E4288}.Release|x64.ActiveCfg = Release|Any CPU
		{8235D80F-D9F9-E612-8AFF-D8D4A12E4288}.Release|x64.Build.0 = Release|Any CPU
		{8235D80F-D9F9-E612-8AFF-D8D4A12E4288}.Release|x86.ActiveCfg = Release|Any CPU
		{8235D80F-D9F9-E612-8AFF-D8D4A12E4288}.Release|x86.Build.0 = Release|Any CPU
		{D3C8385B-B4A1-0004-D4EA-28B9366951CC}.Debug|Any CPU.ActiveCfg = Debug|Any CPU
		{D3C8385B-B4A1-0004-D4EA-28B9366951CC}.Debug|Any CPU.Build.0 = Debug|Any CPU
		{D3C8385B-B4A1-0004-D4EA-28B9366951CC}.Debug|x64.ActiveCfg = Debug|Any CPU
		{D3C8385B-B4A1-0004-D4EA-28B9366951CC}.Debug|x64.Build.0 = Debug|Any CPU
		{D3C8385B-B4A1-0004-D4EA-28B9366951CC}.Debug|x86.ActiveCfg = Debug|Any CPU
		{D3C8385B-B4A1-0004-D4EA-28B9366951CC}.Debug|x86.Build.0 = Debug|Any CPU
		{D3C8385B-B4A1-0004-D4EA-28B9366951CC}.Release|Any CPU.ActiveCfg = Release|Any CPU
		{D3C8385B-B4A1-0004-D4EA-28B9366951CC}.Release|Any CPU.Build.0 = Release|Any CPU
		{D3C8385B-B4A1-0004-D4EA-28B9366951CC}.Release|x64.ActiveCfg = Release|Any CPU
		{D3C8385B-B4A1-0004-D4EA-28B9366951CC}.Release|x64.Build.0 = Release|Any CPU
		{D3C8385B-B4A1-0004-D4EA-28B9366951CC}.Release|x86.ActiveCfg = Release|Any CPU
		{D3C8385B-B4A1-0004-D4EA-28B9366951CC}.Release|x86.Build.0 = Release|Any CPU
		{C7EDD03E-6E36-38FA-C285-7BB38BDF291B}.Debug|Any CPU.ActiveCfg = Debug|Any CPU
		{C7EDD03E-6E36-38FA-C285-7BB38BDF291B}.Debug|Any CPU.Build.0 = Debug|Any CPU
		{C7EDD03E-6E36-38FA-C285-7BB38BDF291B}.Debug|x64.ActiveCfg = Debug|Any CPU
		{C7EDD03E-6E36-38FA-C285-7BB38BDF291B}.Debug|x64.Build.0 = Debug|Any CPU
		{C7EDD03E-6E36-38FA-C285-7BB38BDF291B}.Debug|x86.ActiveCfg = Debug|Any CPU
		{C7EDD03E-6E36-38FA-C285-7BB38BDF291B}.Debug|x86.Build.0 = Debug|Any CPU
		{C7EDD03E-6E36-38FA-C285-7BB38BDF291B}.Release|Any CPU.ActiveCfg = Release|Any CPU
		{C7EDD03E-6E36-38FA-C285-7BB38BDF291B}.Release|Any CPU.Build.0 = Release|Any CPU
		{C7EDD03E-6E36-38FA-C285-7BB38BDF291B}.Release|x64.ActiveCfg = Release|Any CPU
		{C7EDD03E-6E36-38FA-C285-7BB38BDF291B}.Release|x64.Build.0 = Release|Any CPU
		{C7EDD03E-6E36-38FA-C285-7BB38BDF291B}.Release|x86.ActiveCfg = Release|Any CPU
		{C7EDD03E-6E36-38FA-C285-7BB38BDF291B}.Release|x86.Build.0 = Release|Any CPU
		{903F1AE8-9C2D-20C1-AD32-49EAB87DAE87}.Debug|Any CPU.ActiveCfg = Debug|Any CPU
		{903F1AE8-9C2D-20C1-AD32-49EAB87DAE87}.Debug|Any CPU.Build.0 = Debug|Any CPU
		{903F1AE8-9C2D-20C1-AD32-49EAB87DAE87}.Debug|x64.ActiveCfg = Debug|Any CPU
		{903F1AE8-9C2D-20C1-AD32-49EAB87DAE87}.Debug|x64.Build.0 = Debug|Any CPU
		{903F1AE8-9C2D-20C1-AD32-49EAB87DAE87}.Debug|x86.ActiveCfg = Debug|Any CPU
		{903F1AE8-9C2D-20C1-AD32-49EAB87DAE87}.Debug|x86.Build.0 = Debug|Any CPU
		{903F1AE8-9C2D-20C1-AD32-49EAB87DAE87}.Release|Any CPU.ActiveCfg = Release|Any CPU
		{903F1AE8-9C2D-20C1-AD32-49EAB87DAE87}.Release|Any CPU.Build.0 = Release|Any CPU
		{903F1AE8-9C2D-20C1-AD32-49EAB87DAE87}.Release|x64.ActiveCfg = Release|Any CPU
		{903F1AE8-9C2D-20C1-AD32-49EAB87DAE87}.Release|x64.Build.0 = Release|Any CPU
		{903F1AE8-9C2D-20C1-AD32-49EAB87DAE87}.Release|x86.ActiveCfg = Release|Any CPU
		{903F1AE8-9C2D-20C1-AD32-49EAB87DAE87}.Release|x86.Build.0 = Release|Any CPU
		{53CDA7EC-A494-00FD-7593-45BEF4EF37E5}.Debug|Any CPU.ActiveCfg = Debug|Any CPU
		{53CDA7EC-A494-00FD-7593-45BEF4EF37E5}.Debug|Any CPU.Build.0 = Debug|Any CPU
		{53CDA7EC-A494-00FD-7593-45BEF4EF37E5}.Debug|x64.ActiveCfg = Debug|Any CPU
		{53CDA7EC-A494-00FD-7593-45BEF4EF37E5}.Debug|x64.Build.0 = Debug|Any CPU
		{53CDA7EC-A494-00FD-7593-45BEF4EF37E5}.Debug|x86.ActiveCfg = Debug|Any CPU
		{53CDA7EC-A494-00FD-7593-45BEF4EF37E5}.Debug|x86.Build.0 = Debug|Any CPU
		{53CDA7EC-A494-00FD-7593-45BEF4EF37E5}.Release|Any CPU.ActiveCfg = Release|Any CPU
		{53CDA7EC-A494-00FD-7593-45BEF4EF37E5}.Release|Any CPU.Build.0 = Release|Any CPU
		{53CDA7EC-A494-00FD-7593-45BEF4EF37E5}.Release|x64.ActiveCfg = Release|Any CPU
		{53CDA7EC-A494-00FD-7593-45BEF4EF37E5}.Release|x64.Build.0 = Release|Any CPU
		{53CDA7EC-A494-00FD-7593-45BEF4EF37E5}.Release|x86.ActiveCfg = Release|Any CPU
		{53CDA7EC-A494-00FD-7593-45BEF4EF37E5}.Release|x86.Build.0 = Release|Any CPU
		{32F9EC66-5142-E06B-EFE7-FB15F1C9012C}.Debug|Any CPU.ActiveCfg = Debug|Any CPU
		{32F9EC66-5142-E06B-EFE7-FB15F1C9012C}.Debug|Any CPU.Build.0 = Debug|Any CPU
		{32F9EC66-5142-E06B-EFE7-FB15F1C9012C}.Debug|x64.ActiveCfg = Debug|Any CPU
		{32F9EC66-5142-E06B-EFE7-FB15F1C9012C}.Debug|x64.Build.0 = Debug|Any CPU
		{32F9EC66-5142-E06B-EFE7-FB15F1C9012C}.Debug|x86.ActiveCfg = Debug|Any CPU
		{32F9EC66-5142-E06B-EFE7-FB15F1C9012C}.Debug|x86.Build.0 = Debug|Any CPU
		{32F9EC66-5142-E06B-EFE7-FB15F1C9012C}.Release|Any CPU.ActiveCfg = Release|Any CPU
		{32F9EC66-5142-E06B-EFE7-FB15F1C9012C}.Release|Any CPU.Build.0 = Release|Any CPU
		{32F9EC66-5142-E06B-EFE7-FB15F1C9012C}.Release|x64.ActiveCfg = Release|Any CPU
		{32F9EC66-5142-E06B-EFE7-FB15F1C9012C}.Release|x64.Build.0 = Release|Any CPU
		{32F9EC66-5142-E06B-EFE7-FB15F1C9012C}.Release|x86.ActiveCfg = Release|Any CPU
		{32F9EC66-5142-E06B-EFE7-FB15F1C9012C}.Release|x86.Build.0 = Release|Any CPU
		{83120A07-6A8A-8494-FE1C-08DD44868A5A}.Debug|Any CPU.ActiveCfg = Debug|Any CPU
		{83120A07-6A8A-8494-FE1C-08DD44868A5A}.Debug|Any CPU.Build.0 = Debug|Any CPU
		{83120A07-6A8A-8494-FE1C-08DD44868A5A}.Debug|x64.ActiveCfg = Debug|Any CPU
		{83120A07-6A8A-8494-FE1C-08DD44868A5A}.Debug|x64.Build.0 = Debug|Any CPU
		{83120A07-6A8A-8494-FE1C-08DD44868A5A}.Debug|x86.ActiveCfg = Debug|Any CPU
		{83120A07-6A8A-8494-FE1C-08DD44868A5A}.Debug|x86.Build.0 = Debug|Any CPU
		{83120A07-6A8A-8494-FE1C-08DD44868A5A}.Release|Any CPU.ActiveCfg = Release|Any CPU
		{83120A07-6A8A-8494-FE1C-08DD44868A5A}.Release|Any CPU.Build.0 = Release|Any CPU
		{83120A07-6A8A-8494-FE1C-08DD44868A5A}.Release|x64.ActiveCfg = Release|Any CPU
		{83120A07-6A8A-8494-FE1C-08DD44868A5A}.Release|x64.Build.0 = Release|Any CPU
		{83120A07-6A8A-8494-FE1C-08DD44868A5A}.Release|x86.ActiveCfg = Release|Any CPU
		{83120A07-6A8A-8494-FE1C-08DD44868A5A}.Release|x86.Build.0 = Release|Any CPU
		{5B77FC02-6E25-34B6-B2E9-E865B58943C7}.Debug|Any CPU.ActiveCfg = Debug|Any CPU
		{5B77FC02-6E25-34B6-B2E9-E865B58943C7}.Debug|Any CPU.Build.0 = Debug|Any CPU
		{5B77FC02-6E25-34B6-B2E9-E865B58943C7}.Debug|x64.ActiveCfg = Debug|Any CPU
		{5B77FC02-6E25-34B6-B2E9-E865B58943C7}.Debug|x64.Build.0 = Debug|Any CPU
		{5B77FC02-6E25-34B6-B2E9-E865B58943C7}.Debug|x86.ActiveCfg = Debug|Any CPU
		{5B77FC02-6E25-34B6-B2E9-E865B58943C7}.Debug|x86.Build.0 = Debug|Any CPU
		{5B77FC02-6E25-34B6-B2E9-E865B58943C7}.Release|Any CPU.ActiveCfg = Release|Any CPU
		{5B77FC02-6E25-34B6-B2E9-E865B58943C7}.Release|Any CPU.Build.0 = Release|Any CPU
		{5B77FC02-6E25-34B6-B2E9-E865B58943C7}.Release|x64.ActiveCfg = Release|Any CPU
		{5B77FC02-6E25-34B6-B2E9-E865B58943C7}.Release|x64.Build.0 = Release|Any CPU
		{5B77FC02-6E25-34B6-B2E9-E865B58943C7}.Release|x86.ActiveCfg = Release|Any CPU
		{5B77FC02-6E25-34B6-B2E9-E865B58943C7}.Release|x86.Build.0 = Release|Any CPU
		{A7540192-2E3F-610A-FEBC-76D072ED3723}.Debug|Any CPU.ActiveCfg = Debug|Any CPU
		{A7540192-2E3F-610A-FEBC-76D072ED3723}.Debug|Any CPU.Build.0 = Debug|Any CPU
		{A7540192-2E3F-610A-FEBC-76D072ED3723}.Debug|x64.ActiveCfg = Debug|Any CPU
		{A7540192-2E3F-610A-FEBC-76D072ED3723}.Debug|x64.Build.0 = Debug|Any CPU
		{A7540192-2E3F-610A-FEBC-76D072ED3723}.Debug|x86.ActiveCfg = Debug|Any CPU
		{A7540192-2E3F-610A-FEBC-76D072ED3723}.Debug|x86.Build.0 = Debug|Any CPU
		{A7540192-2E3F-610A-FEBC-76D072ED3723}.Release|Any CPU.ActiveCfg = Release|Any CPU
		{A7540192-2E3F-610A-FEBC-76D072ED3723}.Release|Any CPU.Build.0 = Release|Any CPU
		{A7540192-2E3F-610A-FEBC-76D072ED3723}.Release|x64.ActiveCfg = Release|Any CPU
		{A7540192-2E3F-610A-FEBC-76D072ED3723}.Release|x64.Build.0 = Release|Any CPU
		{A7540192-2E3F-610A-FEBC-76D072ED3723}.Release|x86.ActiveCfg = Release|Any CPU
		{A7540192-2E3F-610A-FEBC-76D072ED3723}.Release|x86.Build.0 = Release|Any CPU
		{F1315DEA-0C14-8D6C-9A57-5629D6BBA149}.Debug|Any CPU.ActiveCfg = Debug|Any CPU
		{F1315DEA-0C14-8D6C-9A57-5629D6BBA149}.Debug|Any CPU.Build.0 = Debug|Any CPU
		{F1315DEA-0C14-8D6C-9A57-5629D6BBA149}.Debug|x64.ActiveCfg = Debug|Any CPU
		{F1315DEA-0C14-8D6C-9A57-5629D6BBA149}.Debug|x64.Build.0 = Debug|Any CPU
		{F1315DEA-0C14-8D6C-9A57-5629D6BBA149}.Debug|x86.ActiveCfg = Debug|Any CPU
		{F1315DEA-0C14-8D6C-9A57-5629D6BBA149}.Debug|x86.Build.0 = Debug|Any CPU
		{F1315DEA-0C14-8D6C-9A57-5629D6BBA149}.Release|Any CPU.ActiveCfg = Release|Any CPU
		{F1315DEA-0C14-8D6C-9A57-5629D6BBA149}.Release|Any CPU.Build.0 = Release|Any CPU
		{F1315DEA-0C14-8D6C-9A57-5629D6BBA149}.Release|x64.ActiveCfg = Release|Any CPU
		{F1315DEA-0C14-8D6C-9A57-5629D6BBA149}.Release|x64.Build.0 = Release|Any CPU
		{F1315DEA-0C14-8D6C-9A57-5629D6BBA149}.Release|x86.ActiveCfg = Release|Any CPU
		{F1315DEA-0C14-8D6C-9A57-5629D6BBA149}.Release|x86.Build.0 = Release|Any CPU
		{326C86DE-4D8B-4A63-8C56-F762EEDCDD9F}.Debug|Any CPU.ActiveCfg = Debug|Any CPU
		{326C86DE-4D8B-4A63-8C56-F762EEDCDD9F}.Debug|Any CPU.Build.0 = Debug|Any CPU
		{326C86DE-4D8B-4A63-8C56-F762EEDCDD9F}.Debug|x64.ActiveCfg = Debug|Any CPU
		{326C86DE-4D8B-4A63-8C56-F762EEDCDD9F}.Debug|x64.Build.0 = Debug|Any CPU
		{326C86DE-4D8B-4A63-8C56-F762EEDCDD9F}.Debug|x86.ActiveCfg = Debug|Any CPU
		{326C86DE-4D8B-4A63-8C56-F762EEDCDD9F}.Debug|x86.Build.0 = Debug|Any CPU
		{326C86DE-4D8B-4A63-8C56-F762EEDCDD9F}.Release|Any CPU.ActiveCfg = Release|Any CPU
		{326C86DE-4D8B-4A63-8C56-F762EEDCDD9F}.Release|Any CPU.Build.0 = Release|Any CPU
		{326C86DE-4D8B-4A63-8C56-F762EEDCDD9F}.Release|x64.ActiveCfg = Release|Any CPU
		{326C86DE-4D8B-4A63-8C56-F762EEDCDD9F}.Release|x64.Build.0 = Release|Any CPU
		{326C86DE-4D8B-4A63-8C56-F762EEDCDD9F}.Release|x86.ActiveCfg = Release|Any CPU
		{326C86DE-4D8B-4A63-8C56-F762EEDCDD9F}.Release|x86.Build.0 = Release|Any CPU
		{E7E70113-A89F-462D-B168-475AAF73C5E5}.Debug|Any CPU.ActiveCfg = Debug|Any CPU
		{E7E70113-A89F-462D-B168-475AAF73C5E5}.Debug|Any CPU.Build.0 = Debug|Any CPU
		{E7E70113-A89F-462D-B168-475AAF73C5E5}.Debug|x64.ActiveCfg = Debug|Any CPU
		{E7E70113-A89F-462D-B168-475AAF73C5E5}.Debug|x64.Build.0 = Debug|Any CPU
		{E7E70113-A89F-462D-B168-475AAF73C5E5}.Debug|x86.ActiveCfg = Debug|Any CPU
		{E7E70113-A89F-462D-B168-475AAF73C5E5}.Debug|x86.Build.0 = Debug|Any CPU
		{E7E70113-A89F-462D-B168-475AAF73C5E5}.Release|Any CPU.ActiveCfg = Release|Any CPU
		{E7E70113-A89F-462D-B168-475AAF73C5E5}.Release|Any CPU.Build.0 = Release|Any CPU
		{E7E70113-A89F-462D-B168-475AAF73C5E5}.Release|x64.ActiveCfg = Release|Any CPU
		{E7E70113-A89F-462D-B168-475AAF73C5E5}.Release|x64.Build.0 = Release|Any CPU
		{E7E70113-A89F-462D-B168-475AAF73C5E5}.Release|x86.ActiveCfg = Release|Any CPU
		{E7E70113-A89F-462D-B168-475AAF73C5E5}.Release|x86.Build.0 = Release|Any CPU
		{7BF7E186-268C-4004-B639-6E8198BFE215}.Debug|Any CPU.ActiveCfg = Debug|Any CPU
		{7BF7E186-268C-4004-B639-6E8198BFE215}.Debug|Any CPU.Build.0 = Debug|Any CPU
		{7BF7E186-268C-4004-B639-6E8198BFE215}.Debug|x64.ActiveCfg = Debug|Any CPU
		{7BF7E186-268C-4004-B639-6E8198BFE215}.Debug|x64.Build.0 = Debug|Any CPU
		{7BF7E186-268C-4004-B639-6E8198BFE215}.Debug|x86.ActiveCfg = Debug|Any CPU
		{7BF7E186-268C-4004-B639-6E8198BFE215}.Debug|x86.Build.0 = Debug|Any CPU
		{7BF7E186-268C-4004-B639-6E8198BFE215}.Release|Any CPU.ActiveCfg = Release|Any CPU
		{7BF7E186-268C-4004-B639-6E8198BFE215}.Release|Any CPU.Build.0 = Release|Any CPU
		{7BF7E186-268C-4004-B639-6E8198BFE215}.Release|x64.ActiveCfg = Release|Any CPU
		{7BF7E186-268C-4004-B639-6E8198BFE215}.Release|x64.Build.0 = Release|Any CPU
		{7BF7E186-268C-4004-B639-6E8198BFE215}.Release|x86.ActiveCfg = Release|Any CPU
		{7BF7E186-268C-4004-B639-6E8198BFE215}.Release|x86.Build.0 = Release|Any CPU
		{64318C36-70D6-4709-84E1-17C52A288F53}.Debug|Any CPU.ActiveCfg = Debug|Any CPU
		{64318C36-70D6-4709-84E1-17C52A288F53}.Debug|Any CPU.Build.0 = Debug|Any CPU
		{64318C36-70D6-4709-84E1-17C52A288F53}.Debug|x64.ActiveCfg = Debug|Any CPU
		{64318C36-70D6-4709-84E1-17C52A288F53}.Debug|x64.Build.0 = Debug|Any CPU
		{64318C36-70D6-4709-84E1-17C52A288F53}.Debug|x86.ActiveCfg = Debug|Any CPU
		{64318C36-70D6-4709-84E1-17C52A288F53}.Debug|x86.Build.0 = Debug|Any CPU
		{64318C36-70D6-4709-84E1-17C52A288F53}.Release|Any CPU.ActiveCfg = Release|Any CPU
		{64318C36-70D6-4709-84E1-17C52A288F53}.Release|Any CPU.Build.0 = Release|Any CPU
		{64318C36-70D6-4709-84E1-17C52A288F53}.Release|x64.ActiveCfg = Release|Any CPU
		{64318C36-70D6-4709-84E1-17C52A288F53}.Release|x64.Build.0 = Release|Any CPU
		{64318C36-70D6-4709-84E1-17C52A288F53}.Release|x86.ActiveCfg = Release|Any CPU
		{64318C36-70D6-4709-84E1-17C52A288F53}.Release|x86.Build.0 = Release|Any CPU
		{A3D29BA3-35BF-4E50-97BC-7D7B00D40021}.Debug|Any CPU.ActiveCfg = Debug|Any CPU
		{A3D29BA3-35BF-4E50-97BC-7D7B00D40021}.Debug|Any CPU.Build.0 = Debug|Any CPU
		{A3D29BA3-35BF-4E50-97BC-7D7B00D40021}.Debug|x64.ActiveCfg = Debug|Any CPU
		{A3D29BA3-35BF-4E50-97BC-7D7B00D40021}.Debug|x64.Build.0 = Debug|Any CPU
		{A3D29BA3-35BF-4E50-97BC-7D7B00D40021}.Debug|x86.ActiveCfg = Debug|Any CPU
		{A3D29BA3-35BF-4E50-97BC-7D7B00D40021}.Debug|x86.Build.0 = Debug|Any CPU
		{A3D29BA3-35BF-4E50-97BC-7D7B00D40021}.Release|Any CPU.ActiveCfg = Release|Any CPU
		{A3D29BA3-35BF-4E50-97BC-7D7B00D40021}.Release|Any CPU.Build.0 = Release|Any CPU
		{A3D29BA3-35BF-4E50-97BC-7D7B00D40021}.Release|x64.ActiveCfg = Release|Any CPU
		{A3D29BA3-35BF-4E50-97BC-7D7B00D40021}.Release|x64.Build.0 = Release|Any CPU
		{A3D29BA3-35BF-4E50-97BC-7D7B00D40021}.Release|x86.ActiveCfg = Release|Any CPU
		{A3D29BA3-35BF-4E50-97BC-7D7B00D40021}.Release|x86.Build.0 = Release|Any CPU
		{2BE57A54-E079-4B64-89A3-E0D0A61F01D5}.Debug|Any CPU.ActiveCfg = Debug|Any CPU
		{2BE57A54-E079-4B64-89A3-E0D0A61F01D5}.Debug|Any CPU.Build.0 = Debug|Any CPU
		{2BE57A54-E079-4B64-89A3-E0D0A61F01D5}.Debug|x64.ActiveCfg = Debug|Any CPU
		{2BE57A54-E079-4B64-89A3-E0D0A61F01D5}.Debug|x64.Build.0 = Debug|Any CPU
		{2BE57A54-E079-4B64-89A3-E0D0A61F01D5}.Debug|x86.ActiveCfg = Debug|Any CPU
		{2BE57A54-E079-4B64-89A3-E0D0A61F01D5}.Debug|x86.Build.0 = Debug|Any CPU
		{2BE57A54-E079-4B64-89A3-E0D0A61F01D5}.Release|Any CPU.ActiveCfg = Release|Any CPU
		{2BE57A54-E079-4B64-89A3-E0D0A61F01D5}.Release|Any CPU.Build.0 = Release|Any CPU
		{2BE57A54-E079-4B64-89A3-E0D0A61F01D5}.Release|x64.ActiveCfg = Release|Any CPU
		{2BE57A54-E079-4B64-89A3-E0D0A61F01D5}.Release|x64.Build.0 = Release|Any CPU
		{2BE57A54-E079-4B64-89A3-E0D0A61F01D5}.Release|x86.ActiveCfg = Release|Any CPU
		{2BE57A54-E079-4B64-89A3-E0D0A61F01D5}.Release|x86.Build.0 = Release|Any CPU
		{2D33B91E-315B-4A3D-B51E-908636EC613B}.Debug|Any CPU.ActiveCfg = Debug|Any CPU
		{2D33B91E-315B-4A3D-B51E-908636EC613B}.Debug|Any CPU.Build.0 = Debug|Any CPU
		{2D33B91E-315B-4A3D-B51E-908636EC613B}.Debug|x64.ActiveCfg = Debug|Any CPU
		{2D33B91E-315B-4A3D-B51E-908636EC613B}.Debug|x64.Build.0 = Debug|Any CPU
		{2D33B91E-315B-4A3D-B51E-908636EC613B}.Debug|x86.ActiveCfg = Debug|Any CPU
		{2D33B91E-315B-4A3D-B51E-908636EC613B}.Debug|x86.Build.0 = Debug|Any CPU
		{2D33B91E-315B-4A3D-B51E-908636EC613B}.Release|Any CPU.ActiveCfg = Release|Any CPU
		{2D33B91E-315B-4A3D-B51E-908636EC613B}.Release|Any CPU.Build.0 = Release|Any CPU
		{2D33B91E-315B-4A3D-B51E-908636EC613B}.Release|x64.ActiveCfg = Release|Any CPU
		{2D33B91E-315B-4A3D-B51E-908636EC613B}.Release|x64.Build.0 = Release|Any CPU
		{2D33B91E-315B-4A3D-B51E-908636EC613B}.Release|x86.ActiveCfg = Release|Any CPU
		{2D33B91E-315B-4A3D-B51E-908636EC613B}.Release|x86.Build.0 = Release|Any CPU
		{50B9EC01-9D1C-4E96-9D07-EE8FBE0CFA6A}.Debug|Any CPU.ActiveCfg = Debug|Any CPU
		{50B9EC01-9D1C-4E96-9D07-EE8FBE0CFA6A}.Debug|Any CPU.Build.0 = Debug|Any CPU
		{50B9EC01-9D1C-4E96-9D07-EE8FBE0CFA6A}.Debug|x64.ActiveCfg = Debug|Any CPU
		{50B9EC01-9D1C-4E96-9D07-EE8FBE0CFA6A}.Debug|x64.Build.0 = Debug|Any CPU
		{50B9EC01-9D1C-4E96-9D07-EE8FBE0CFA6A}.Debug|x86.ActiveCfg = Debug|Any CPU
		{50B9EC01-9D1C-4E96-9D07-EE8FBE0CFA6A}.Debug|x86.Build.0 = Debug|Any CPU
		{50B9EC01-9D1C-4E96-9D07-EE8FBE0CFA6A}.Release|Any CPU.ActiveCfg = Release|Any CPU
		{50B9EC01-9D1C-4E96-9D07-EE8FBE0CFA6A}.Release|Any CPU.Build.0 = Release|Any CPU
		{50B9EC01-9D1C-4E96-9D07-EE8FBE0CFA6A}.Release|x64.ActiveCfg = Release|Any CPU
		{50B9EC01-9D1C-4E96-9D07-EE8FBE0CFA6A}.Release|x64.Build.0 = Release|Any CPU
		{50B9EC01-9D1C-4E96-9D07-EE8FBE0CFA6A}.Release|x86.ActiveCfg = Release|Any CPU
		{50B9EC01-9D1C-4E96-9D07-EE8FBE0CFA6A}.Release|x86.Build.0 = Release|Any CPU
		{5E08D384-24DB-4BEA-BE45-CF4FB3257E69}.Debug|Any CPU.ActiveCfg = Debug|Any CPU
		{5E08D384-24DB-4BEA-BE45-CF4FB3257E69}.Debug|Any CPU.Build.0 = Debug|Any CPU
		{5E08D384-24DB-4BEA-BE45-CF4FB3257E69}.Debug|x64.ActiveCfg = Debug|Any CPU
		{5E08D384-24DB-4BEA-BE45-CF4FB3257E69}.Debug|x64.Build.0 = Debug|Any CPU
		{5E08D384-24DB-4BEA-BE45-CF4FB3257E69}.Debug|x86.ActiveCfg = Debug|Any CPU
		{5E08D384-24DB-4BEA-BE45-CF4FB3257E69}.Debug|x86.Build.0 = Debug|Any CPU
		{5E08D384-24DB-4BEA-BE45-CF4FB3257E69}.Release|Any CPU.ActiveCfg = Release|Any CPU
		{5E08D384-24DB-4BEA-BE45-CF4FB3257E69}.Release|Any CPU.Build.0 = Release|Any CPU
		{5E08D384-24DB-4BEA-BE45-CF4FB3257E69}.Release|x64.ActiveCfg = Release|Any CPU
		{5E08D384-24DB-4BEA-BE45-CF4FB3257E69}.Release|x64.Build.0 = Release|Any CPU
		{5E08D384-24DB-4BEA-BE45-CF4FB3257E69}.Release|x86.ActiveCfg = Release|Any CPU
		{5E08D384-24DB-4BEA-BE45-CF4FB3257E69}.Release|x86.Build.0 = Release|Any CPU
		{5120B41F-8CF3-43A1-AD29-3D3F39BF2D73}.Debug|Any CPU.ActiveCfg = Debug|Any CPU
		{5120B41F-8CF3-43A1-AD29-3D3F39BF2D73}.Debug|Any CPU.Build.0 = Debug|Any CPU
		{5120B41F-8CF3-43A1-AD29-3D3F39BF2D73}.Debug|x64.ActiveCfg = Debug|Any CPU
		{5120B41F-8CF3-43A1-AD29-3D3F39BF2D73}.Debug|x64.Build.0 = Debug|Any CPU
		{5120B41F-8CF3-43A1-AD29-3D3F39BF2D73}.Debug|x86.ActiveCfg = Debug|Any CPU
		{5120B41F-8CF3-43A1-AD29-3D3F39BF2D73}.Debug|x86.Build.0 = Debug|Any CPU
		{5120B41F-8CF3-43A1-AD29-3D3F39BF2D73}.Release|Any CPU.ActiveCfg = Release|Any CPU
		{5120B41F-8CF3-43A1-AD29-3D3F39BF2D73}.Release|Any CPU.Build.0 = Release|Any CPU
		{5120B41F-8CF3-43A1-AD29-3D3F39BF2D73}.Release|x64.ActiveCfg = Release|Any CPU
		{5120B41F-8CF3-43A1-AD29-3D3F39BF2D73}.Release|x64.Build.0 = Release|Any CPU
		{5120B41F-8CF3-43A1-AD29-3D3F39BF2D73}.Release|x86.ActiveCfg = Release|Any CPU
		{5120B41F-8CF3-43A1-AD29-3D3F39BF2D73}.Release|x86.Build.0 = Release|Any CPU
		{DCE314E0-2EB8-45FC-92BE-270078BC7F30}.Debug|Any CPU.ActiveCfg = Debug|Any CPU
		{DCE314E0-2EB8-45FC-92BE-270078BC7F30}.Debug|Any CPU.Build.0 = Debug|Any CPU
		{DCE314E0-2EB8-45FC-92BE-270078BC7F30}.Debug|x64.ActiveCfg = Debug|Any CPU
		{DCE314E0-2EB8-45FC-92BE-270078BC7F30}.Debug|x64.Build.0 = Debug|Any CPU
		{DCE314E0-2EB8-45FC-92BE-270078BC7F30}.Debug|x86.ActiveCfg = Debug|Any CPU
		{DCE314E0-2EB8-45FC-92BE-270078BC7F30}.Debug|x86.Build.0 = Debug|Any CPU
		{DCE314E0-2EB8-45FC-92BE-270078BC7F30}.Release|Any CPU.ActiveCfg = Release|Any CPU
		{DCE314E0-2EB8-45FC-92BE-270078BC7F30}.Release|Any CPU.Build.0 = Release|Any CPU
		{DCE314E0-2EB8-45FC-92BE-270078BC7F30}.Release|x64.ActiveCfg = Release|Any CPU
		{DCE314E0-2EB8-45FC-92BE-270078BC7F30}.Release|x64.Build.0 = Release|Any CPU
		{DCE314E0-2EB8-45FC-92BE-270078BC7F30}.Release|x86.ActiveCfg = Release|Any CPU
		{DCE314E0-2EB8-45FC-92BE-270078BC7F30}.Release|x86.Build.0 = Release|Any CPU
		{60675BBF-7F62-45DD-A335-EFDADDDFB794}.Debug|Any CPU.ActiveCfg = Debug|Any CPU
		{60675BBF-7F62-45DD-A335-EFDADDDFB794}.Debug|Any CPU.Build.0 = Debug|Any CPU
		{60675BBF-7F62-45DD-A335-EFDADDDFB794}.Debug|x64.ActiveCfg = Debug|Any CPU
		{60675BBF-7F62-45DD-A335-EFDADDDFB794}.Debug|x64.Build.0 = Debug|Any CPU
		{60675BBF-7F62-45DD-A335-EFDADDDFB794}.Debug|x86.ActiveCfg = Debug|Any CPU
		{60675BBF-7F62-45DD-A335-EFDADDDFB794}.Debug|x86.Build.0 = Debug|Any CPU
		{60675BBF-7F62-45DD-A335-EFDADDDFB794}.Release|Any CPU.ActiveCfg = Release|Any CPU
		{60675BBF-7F62-45DD-A335-EFDADDDFB794}.Release|Any CPU.Build.0 = Release|Any CPU
		{60675BBF-7F62-45DD-A335-EFDADDDFB794}.Release|x64.ActiveCfg = Release|Any CPU
		{60675BBF-7F62-45DD-A335-EFDADDDFB794}.Release|x64.Build.0 = Release|Any CPU
		{60675BBF-7F62-45DD-A335-EFDADDDFB794}.Release|x86.ActiveCfg = Release|Any CPU
		{60675BBF-7F62-45DD-A335-EFDADDDFB794}.Release|x86.Build.0 = Release|Any CPU
		{62240576-AF57-49B8-B19B-9C3CC6CBAC7D}.Debug|Any CPU.ActiveCfg = Debug|Any CPU
		{62240576-AF57-49B8-B19B-9C3CC6CBAC7D}.Debug|Any CPU.Build.0 = Debug|Any CPU
		{62240576-AF57-49B8-B19B-9C3CC6CBAC7D}.Debug|x64.ActiveCfg = Debug|Any CPU
		{62240576-AF57-49B8-B19B-9C3CC6CBAC7D}.Debug|x64.Build.0 = Debug|Any CPU
		{62240576-AF57-49B8-B19B-9C3CC6CBAC7D}.Debug|x86.ActiveCfg = Debug|Any CPU
		{62240576-AF57-49B8-B19B-9C3CC6CBAC7D}.Debug|x86.Build.0 = Debug|Any CPU
		{62240576-AF57-49B8-B19B-9C3CC6CBAC7D}.Release|Any CPU.ActiveCfg = Release|Any CPU
		{62240576-AF57-49B8-B19B-9C3CC6CBAC7D}.Release|Any CPU.Build.0 = Release|Any CPU
		{62240576-AF57-49B8-B19B-9C3CC6CBAC7D}.Release|x64.ActiveCfg = Release|Any CPU
		{62240576-AF57-49B8-B19B-9C3CC6CBAC7D}.Release|x64.Build.0 = Release|Any CPU
		{62240576-AF57-49B8-B19B-9C3CC6CBAC7D}.Release|x86.ActiveCfg = Release|Any CPU
		{62240576-AF57-49B8-B19B-9C3CC6CBAC7D}.Release|x86.Build.0 = Release|Any CPU
		{8960E98E-67EB-4FDE-AF6A-81E6ABD9FAF8}.Debug|Any CPU.ActiveCfg = Debug|Any CPU
		{8960E98E-67EB-4FDE-AF6A-81E6ABD9FAF8}.Debug|Any CPU.Build.0 = Debug|Any CPU
		{8960E98E-67EB-4FDE-AF6A-81E6ABD9FAF8}.Debug|x64.ActiveCfg = Debug|Any CPU
		{8960E98E-67EB-4FDE-AF6A-81E6ABD9FAF8}.Debug|x64.Build.0 = Debug|Any CPU
		{8960E98E-67EB-4FDE-AF6A-81E6ABD9FAF8}.Debug|x86.ActiveCfg = Debug|Any CPU
		{8960E98E-67EB-4FDE-AF6A-81E6ABD9FAF8}.Debug|x86.Build.0 = Debug|Any CPU
		{8960E98E-67EB-4FDE-AF6A-81E6ABD9FAF8}.Release|Any CPU.ActiveCfg = Release|Any CPU
		{8960E98E-67EB-4FDE-AF6A-81E6ABD9FAF8}.Release|Any CPU.Build.0 = Release|Any CPU
		{8960E98E-67EB-4FDE-AF6A-81E6ABD9FAF8}.Release|x64.ActiveCfg = Release|Any CPU
		{8960E98E-67EB-4FDE-AF6A-81E6ABD9FAF8}.Release|x64.Build.0 = Release|Any CPU
		{8960E98E-67EB-4FDE-AF6A-81E6ABD9FAF8}.Release|x86.ActiveCfg = Release|Any CPU
		{8960E98E-67EB-4FDE-AF6A-81E6ABD9FAF8}.Release|x86.Build.0 = Release|Any CPU
		{1EDADA1C-1346-40AB-954F-DC65D76A81F4}.Debug|Any CPU.ActiveCfg = Debug|Any CPU
		{1EDADA1C-1346-40AB-954F-DC65D76A81F4}.Debug|Any CPU.Build.0 = Debug|Any CPU
		{1EDADA1C-1346-40AB-954F-DC65D76A81F4}.Debug|x64.ActiveCfg = Debug|Any CPU
		{1EDADA1C-1346-40AB-954F-DC65D76A81F4}.Debug|x64.Build.0 = Debug|Any CPU
		{1EDADA1C-1346-40AB-954F-DC65D76A81F4}.Debug|x86.ActiveCfg = Debug|Any CPU
		{1EDADA1C-1346-40AB-954F-DC65D76A81F4}.Debug|x86.Build.0 = Debug|Any CPU
		{1EDADA1C-1346-40AB-954F-DC65D76A81F4}.Release|Any CPU.ActiveCfg = Release|Any CPU
		{1EDADA1C-1346-40AB-954F-DC65D76A81F4}.Release|Any CPU.Build.0 = Release|Any CPU
		{1EDADA1C-1346-40AB-954F-DC65D76A81F4}.Release|x64.ActiveCfg = Release|Any CPU
		{1EDADA1C-1346-40AB-954F-DC65D76A81F4}.Release|x64.Build.0 = Release|Any CPU
		{1EDADA1C-1346-40AB-954F-DC65D76A81F4}.Release|x86.ActiveCfg = Release|Any CPU
		{1EDADA1C-1346-40AB-954F-DC65D76A81F4}.Release|x86.Build.0 = Release|Any CPU
		{5F3F6021-8D4A-4FDF-84B4-5BDBEBB80946}.Debug|Any CPU.ActiveCfg = Debug|Any CPU
		{5F3F6021-8D4A-4FDF-84B4-5BDBEBB80946}.Debug|Any CPU.Build.0 = Debug|Any CPU
		{5F3F6021-8D4A-4FDF-84B4-5BDBEBB80946}.Debug|x64.ActiveCfg = Debug|Any CPU
		{5F3F6021-8D4A-4FDF-84B4-5BDBEBB80946}.Debug|x64.Build.0 = Debug|Any CPU
		{5F3F6021-8D4A-4FDF-84B4-5BDBEBB80946}.Debug|x86.ActiveCfg = Debug|Any CPU
		{5F3F6021-8D4A-4FDF-84B4-5BDBEBB80946}.Debug|x86.Build.0 = Debug|Any CPU
		{5F3F6021-8D4A-4FDF-84B4-5BDBEBB80946}.Release|Any CPU.ActiveCfg = Release|Any CPU
		{5F3F6021-8D4A-4FDF-84B4-5BDBEBB80946}.Release|Any CPU.Build.0 = Release|Any CPU
		{5F3F6021-8D4A-4FDF-84B4-5BDBEBB80946}.Release|x64.ActiveCfg = Release|Any CPU
		{5F3F6021-8D4A-4FDF-84B4-5BDBEBB80946}.Release|x64.Build.0 = Release|Any CPU
		{5F3F6021-8D4A-4FDF-84B4-5BDBEBB80946}.Release|x86.ActiveCfg = Release|Any CPU
		{5F3F6021-8D4A-4FDF-84B4-5BDBEBB80946}.Release|x86.Build.0 = Release|Any CPU
		{FC27A0F4-2F5D-46D8-9757-5272064558FD}.Debug|Any CPU.ActiveCfg = Debug|Any CPU
		{FC27A0F4-2F5D-46D8-9757-5272064558FD}.Debug|Any CPU.Build.0 = Debug|Any CPU
		{FC27A0F4-2F5D-46D8-9757-5272064558FD}.Debug|x64.ActiveCfg = Debug|Any CPU
		{FC27A0F4-2F5D-46D8-9757-5272064558FD}.Debug|x64.Build.0 = Debug|Any CPU
		{FC27A0F4-2F5D-46D8-9757-5272064558FD}.Debug|x86.ActiveCfg = Debug|Any CPU
		{FC27A0F4-2F5D-46D8-9757-5272064558FD}.Debug|x86.Build.0 = Debug|Any CPU
		{FC27A0F4-2F5D-46D8-9757-5272064558FD}.Release|Any CPU.ActiveCfg = Release|Any CPU
		{FC27A0F4-2F5D-46D8-9757-5272064558FD}.Release|Any CPU.Build.0 = Release|Any CPU
		{FC27A0F4-2F5D-46D8-9757-5272064558FD}.Release|x64.ActiveCfg = Release|Any CPU
		{FC27A0F4-2F5D-46D8-9757-5272064558FD}.Release|x64.Build.0 = Release|Any CPU
		{FC27A0F4-2F5D-46D8-9757-5272064558FD}.Release|x86.ActiveCfg = Release|Any CPU
		{FC27A0F4-2F5D-46D8-9757-5272064558FD}.Release|x86.Build.0 = Release|Any CPU
		{4EDFB824-1323-41C0-BF47-343BC3696EA2}.Debug|Any CPU.ActiveCfg = Debug|Any CPU
		{4EDFB824-1323-41C0-BF47-343BC3696EA2}.Debug|Any CPU.Build.0 = Debug|Any CPU
		{4EDFB824-1323-41C0-BF47-343BC3696EA2}.Debug|x64.ActiveCfg = Debug|Any CPU
		{4EDFB824-1323-41C0-BF47-343BC3696EA2}.Debug|x64.Build.0 = Debug|Any CPU
		{4EDFB824-1323-41C0-BF47-343BC3696EA2}.Debug|x86.ActiveCfg = Debug|Any CPU
		{4EDFB824-1323-41C0-BF47-343BC3696EA2}.Debug|x86.Build.0 = Debug|Any CPU
		{4EDFB824-1323-41C0-BF47-343BC3696EA2}.Release|Any CPU.ActiveCfg = Release|Any CPU
		{4EDFB824-1323-41C0-BF47-343BC3696EA2}.Release|Any CPU.Build.0 = Release|Any CPU
		{4EDFB824-1323-41C0-BF47-343BC3696EA2}.Release|x64.ActiveCfg = Release|Any CPU
		{4EDFB824-1323-41C0-BF47-343BC3696EA2}.Release|x64.Build.0 = Release|Any CPU
		{4EDFB824-1323-41C0-BF47-343BC3696EA2}.Release|x86.ActiveCfg = Release|Any CPU
		{4EDFB824-1323-41C0-BF47-343BC3696EA2}.Release|x86.Build.0 = Release|Any CPU
		{E0BABC07-08AD-4051-87F1-1EC1B0765CE4}.Debug|Any CPU.ActiveCfg = Debug|Any CPU
		{E0BABC07-08AD-4051-87F1-1EC1B0765CE4}.Debug|Any CPU.Build.0 = Debug|Any CPU
		{E0BABC07-08AD-4051-87F1-1EC1B0765CE4}.Debug|x64.ActiveCfg = Debug|Any CPU
		{E0BABC07-08AD-4051-87F1-1EC1B0765CE4}.Debug|x64.Build.0 = Debug|Any CPU
		{E0BABC07-08AD-4051-87F1-1EC1B0765CE4}.Debug|x86.ActiveCfg = Debug|Any CPU
		{E0BABC07-08AD-4051-87F1-1EC1B0765CE4}.Debug|x86.Build.0 = Debug|Any CPU
		{E0BABC07-08AD-4051-87F1-1EC1B0765CE4}.Release|Any CPU.ActiveCfg = Release|Any CPU
		{E0BABC07-08AD-4051-87F1-1EC1B0765CE4}.Release|Any CPU.Build.0 = Release|Any CPU
		{E0BABC07-08AD-4051-87F1-1EC1B0765CE4}.Release|x64.ActiveCfg = Release|Any CPU
		{E0BABC07-08AD-4051-87F1-1EC1B0765CE4}.Release|x64.Build.0 = Release|Any CPU
		{E0BABC07-08AD-4051-87F1-1EC1B0765CE4}.Release|x86.ActiveCfg = Release|Any CPU
		{E0BABC07-08AD-4051-87F1-1EC1B0765CE4}.Release|x86.Build.0 = Release|Any CPU
		{404283D4-326F-4359-9969-9D6EC7FE629E}.Debug|Any CPU.ActiveCfg = Debug|Any CPU
		{404283D4-326F-4359-9969-9D6EC7FE629E}.Debug|Any CPU.Build.0 = Debug|Any CPU
		{404283D4-326F-4359-9969-9D6EC7FE629E}.Debug|x64.ActiveCfg = Debug|Any CPU
		{404283D4-326F-4359-9969-9D6EC7FE629E}.Debug|x64.Build.0 = Debug|Any CPU
		{404283D4-326F-4359-9969-9D6EC7FE629E}.Debug|x86.ActiveCfg = Debug|Any CPU
		{404283D4-326F-4359-9969-9D6EC7FE629E}.Debug|x86.Build.0 = Debug|Any CPU
		{404283D4-326F-4359-9969-9D6EC7FE629E}.Release|Any CPU.ActiveCfg = Release|Any CPU
		{404283D4-326F-4359-9969-9D6EC7FE629E}.Release|Any CPU.Build.0 = Release|Any CPU
		{404283D4-326F-4359-9969-9D6EC7FE629E}.Release|x64.ActiveCfg = Release|Any CPU
		{404283D4-326F-4359-9969-9D6EC7FE629E}.Release|x64.Build.0 = Release|Any CPU
		{404283D4-326F-4359-9969-9D6EC7FE629E}.Release|x86.ActiveCfg = Release|Any CPU
		{404283D4-326F-4359-9969-9D6EC7FE629E}.Release|x86.Build.0 = Release|Any CPU
		{3F772623-3FD6-492F-AF73-67FD69AF8D49}.Debug|Any CPU.ActiveCfg = Debug|Any CPU
		{3F772623-3FD6-492F-AF73-67FD69AF8D49}.Debug|Any CPU.Build.0 = Debug|Any CPU
		{3F772623-3FD6-492F-AF73-67FD69AF8D49}.Debug|x64.ActiveCfg = Debug|Any CPU
		{3F772623-3FD6-492F-AF73-67FD69AF8D49}.Debug|x64.Build.0 = Debug|Any CPU
		{3F772623-3FD6-492F-AF73-67FD69AF8D49}.Debug|x86.ActiveCfg = Debug|Any CPU
		{3F772623-3FD6-492F-AF73-67FD69AF8D49}.Debug|x86.Build.0 = Debug|Any CPU
		{3F772623-3FD6-492F-AF73-67FD69AF8D49}.Release|Any CPU.ActiveCfg = Release|Any CPU
		{3F772623-3FD6-492F-AF73-67FD69AF8D49}.Release|Any CPU.Build.0 = Release|Any CPU
		{3F772623-3FD6-492F-AF73-67FD69AF8D49}.Release|x64.ActiveCfg = Release|Any CPU
		{3F772623-3FD6-492F-AF73-67FD69AF8D49}.Release|x64.Build.0 = Release|Any CPU
		{3F772623-3FD6-492F-AF73-67FD69AF8D49}.Release|x86.ActiveCfg = Release|Any CPU
		{3F772623-3FD6-492F-AF73-67FD69AF8D49}.Release|x86.Build.0 = Release|Any CPU
		{25322A8C-7507-4476-A6C3-4A851DD8E081}.Debug|Any CPU.ActiveCfg = Debug|Any CPU
		{25322A8C-7507-4476-A6C3-4A851DD8E081}.Debug|Any CPU.Build.0 = Debug|Any CPU
		{25322A8C-7507-4476-A6C3-4A851DD8E081}.Debug|x64.ActiveCfg = Debug|Any CPU
		{25322A8C-7507-4476-A6C3-4A851DD8E081}.Debug|x64.Build.0 = Debug|Any CPU
		{25322A8C-7507-4476-A6C3-4A851DD8E081}.Debug|x86.ActiveCfg = Debug|Any CPU
		{25322A8C-7507-4476-A6C3-4A851DD8E081}.Debug|x86.Build.0 = Debug|Any CPU
		{25322A8C-7507-4476-A6C3-4A851DD8E081}.Release|Any CPU.ActiveCfg = Release|Any CPU
		{25322A8C-7507-4476-A6C3-4A851DD8E081}.Release|Any CPU.Build.0 = Release|Any CPU
		{25322A8C-7507-4476-A6C3-4A851DD8E081}.Release|x64.ActiveCfg = Release|Any CPU
		{25322A8C-7507-4476-A6C3-4A851DD8E081}.Release|x64.Build.0 = Release|Any CPU
		{25322A8C-7507-4476-A6C3-4A851DD8E081}.Release|x86.ActiveCfg = Release|Any CPU
		{25322A8C-7507-4476-A6C3-4A851DD8E081}.Release|x86.Build.0 = Release|Any CPU
		{F8EB20B2-56EB-4151-9A81-C8F9F46B1AF4}.Debug|Any CPU.ActiveCfg = Debug|Any CPU
		{F8EB20B2-56EB-4151-9A81-C8F9F46B1AF4}.Debug|Any CPU.Build.0 = Debug|Any CPU
		{F8EB20B2-56EB-4151-9A81-C8F9F46B1AF4}.Debug|x64.ActiveCfg = Debug|Any CPU
		{F8EB20B2-56EB-4151-9A81-C8F9F46B1AF4}.Debug|x64.Build.0 = Debug|Any CPU
		{F8EB20B2-56EB-4151-9A81-C8F9F46B1AF4}.Debug|x86.ActiveCfg = Debug|Any CPU
		{F8EB20B2-56EB-4151-9A81-C8F9F46B1AF4}.Debug|x86.Build.0 = Debug|Any CPU
		{F8EB20B2-56EB-4151-9A81-C8F9F46B1AF4}.Release|Any CPU.ActiveCfg = Release|Any CPU
		{F8EB20B2-56EB-4151-9A81-C8F9F46B1AF4}.Release|Any CPU.Build.0 = Release|Any CPU
		{F8EB20B2-56EB-4151-9A81-C8F9F46B1AF4}.Release|x64.ActiveCfg = Release|Any CPU
		{F8EB20B2-56EB-4151-9A81-C8F9F46B1AF4}.Release|x64.Build.0 = Release|Any CPU
		{F8EB20B2-56EB-4151-9A81-C8F9F46B1AF4}.Release|x86.ActiveCfg = Release|Any CPU
		{F8EB20B2-56EB-4151-9A81-C8F9F46B1AF4}.Release|x86.Build.0 = Release|Any CPU
		{5922D51B-C3D6-406E-B122-030D9F9ED784}.Debug|Any CPU.ActiveCfg = Debug|Any CPU
		{5922D51B-C3D6-406E-B122-030D9F9ED784}.Debug|Any CPU.Build.0 = Debug|Any CPU
		{5922D51B-C3D6-406E-B122-030D9F9ED784}.Debug|x64.ActiveCfg = Debug|Any CPU
		{5922D51B-C3D6-406E-B122-030D9F9ED784}.Debug|x64.Build.0 = Debug|Any CPU
		{5922D51B-C3D6-406E-B122-030D9F9ED784}.Debug|x86.ActiveCfg = Debug|Any CPU
		{5922D51B-C3D6-406E-B122-030D9F9ED784}.Debug|x86.Build.0 = Debug|Any CPU
		{5922D51B-C3D6-406E-B122-030D9F9ED784}.Release|Any CPU.ActiveCfg = Release|Any CPU
		{5922D51B-C3D6-406E-B122-030D9F9ED784}.Release|Any CPU.Build.0 = Release|Any CPU
		{5922D51B-C3D6-406E-B122-030D9F9ED784}.Release|x64.ActiveCfg = Release|Any CPU
		{5922D51B-C3D6-406E-B122-030D9F9ED784}.Release|x64.Build.0 = Release|Any CPU
		{5922D51B-C3D6-406E-B122-030D9F9ED784}.Release|x86.ActiveCfg = Release|Any CPU
		{5922D51B-C3D6-406E-B122-030D9F9ED784}.Release|x86.Build.0 = Release|Any CPU
		{85F7D223-20AB-4A37-9BAF-9F3788E13F53}.Debug|Any CPU.ActiveCfg = Debug|Any CPU
		{85F7D223-20AB-4A37-9BAF-9F3788E13F53}.Debug|Any CPU.Build.0 = Debug|Any CPU
		{85F7D223-20AB-4A37-9BAF-9F3788E13F53}.Debug|x64.ActiveCfg = Debug|Any CPU
		{85F7D223-20AB-4A37-9BAF-9F3788E13F53}.Debug|x64.Build.0 = Debug|Any CPU
		{85F7D223-20AB-4A37-9BAF-9F3788E13F53}.Debug|x86.ActiveCfg = Debug|Any CPU
		{85F7D223-20AB-4A37-9BAF-9F3788E13F53}.Debug|x86.Build.0 = Debug|Any CPU
		{85F7D223-20AB-4A37-9BAF-9F3788E13F53}.Release|Any CPU.ActiveCfg = Release|Any CPU
		{85F7D223-20AB-4A37-9BAF-9F3788E13F53}.Release|Any CPU.Build.0 = Release|Any CPU
		{85F7D223-20AB-4A37-9BAF-9F3788E13F53}.Release|x64.ActiveCfg = Release|Any CPU
		{85F7D223-20AB-4A37-9BAF-9F3788E13F53}.Release|x64.Build.0 = Release|Any CPU
		{85F7D223-20AB-4A37-9BAF-9F3788E13F53}.Release|x86.ActiveCfg = Release|Any CPU
		{85F7D223-20AB-4A37-9BAF-9F3788E13F53}.Release|x86.Build.0 = Release|Any CPU
	EndGlobalSection
	GlobalSection(SolutionProperties) = preSolution
		HideSolutionNode = FALSE
	EndGlobalSection
	GlobalSection(NestedProjects) = preSolution
		{B903D79D-D621-0599-60A6-5E3CA3508636} = {827E0CD3-B72D-47B6-A68D-7590B98EB39B}
		{2BE170BC-EC90-E50A-1E9B-8A898F5D8FAF} = {827E0CD3-B72D-47B6-A68D-7590B98EB39B}
		{A9A7BBA5-E63B-3BA7-109A-30A89BAA1F99} = {827E0CD3-B72D-47B6-A68D-7590B98EB39B}
		{5E763A2E-8F39-FC21-52CF-92C84A64D472} = {827E0CD3-B72D-47B6-A68D-7590B98EB39B}
		{90361E89-9AD3-605E-9CC1-B0030E209C53} = {827E0CD3-B72D-47B6-A68D-7590B98EB39B}
		{059CB29E-A63A-5D48-D03F-05D569954BB9} = {827E0CD3-B72D-47B6-A68D-7590B98EB39B}
		{6062151D-BD26-0FE9-355C-9A5EC4714B04} = {827E0CD3-B72D-47B6-A68D-7590B98EB39B}
		{58B8CE69-F20C-9A73-6F46-96038C3EC3AF} = {827E0CD3-B72D-47B6-A68D-7590B98EB39B}
		{8235D80F-D9F9-E612-8AFF-D8D4A12E4288} = {827E0CD3-B72D-47B6-A68D-7590B98EB39B}
		{D3C8385B-B4A1-0004-D4EA-28B9366951CC} = {827E0CD3-B72D-47B6-A68D-7590B98EB39B}
		{C7EDD03E-6E36-38FA-C285-7BB38BDF291B} = {827E0CD3-B72D-47B6-A68D-7590B98EB39B}
		{903F1AE8-9C2D-20C1-AD32-49EAB87DAE87} = {827E0CD3-B72D-47B6-A68D-7590B98EB39B}
		{53CDA7EC-A494-00FD-7593-45BEF4EF37E5} = {827E0CD3-B72D-47B6-A68D-7590B98EB39B}
		{32F9EC66-5142-E06B-EFE7-FB15F1C9012C} = {827E0CD3-B72D-47B6-A68D-7590B98EB39B}
		{83120A07-6A8A-8494-FE1C-08DD44868A5A} = {827E0CD3-B72D-47B6-A68D-7590B98EB39B}
		{5B77FC02-6E25-34B6-B2E9-E865B58943C7} = {827E0CD3-B72D-47B6-A68D-7590B98EB39B}
		{A7540192-2E3F-610A-FEBC-76D072ED3723} = {827E0CD3-B72D-47B6-A68D-7590B98EB39B}
		{F1315DEA-0C14-8D6C-9A57-5629D6BBA149} = {827E0CD3-B72D-47B6-A68D-7590B98EB39B}
		{326C86DE-4D8B-4A63-8C56-F762EEDCDD9F} = {827E0CD3-B72D-47B6-A68D-7590B98EB39B}
		{E7E70113-A89F-462D-B168-475AAF73C5E5} = {827E0CD3-B72D-47B6-A68D-7590B98EB39B}
		{7BF7E186-268C-4004-B639-6E8198BFE215} = {827E0CD3-B72D-47B6-A68D-7590B98EB39B}
		{64318C36-70D6-4709-84E1-17C52A288F53} = {827E0CD3-B72D-47B6-A68D-7590B98EB39B}
		{A3D29BA3-35BF-4E50-97BC-7D7B00D40021} = {827E0CD3-B72D-47B6-A68D-7590B98EB39B}
		{2BE57A54-E079-4B64-89A3-E0D0A61F01D5} = {827E0CD3-B72D-47B6-A68D-7590B98EB39B}
		{2D33B91E-315B-4A3D-B51E-908636EC613B} = {827E0CD3-B72D-47B6-A68D-7590B98EB39B}
		{50B9EC01-9D1C-4E96-9D07-EE8FBE0CFA6A} = {827E0CD3-B72D-47B6-A68D-7590B98EB39B}
		{5E08D384-24DB-4BEA-BE45-CF4FB3257E69} = {827E0CD3-B72D-47B6-A68D-7590B98EB39B}
		{5120B41F-8CF3-43A1-AD29-3D3F39BF2D73} = {827E0CD3-B72D-47B6-A68D-7590B98EB39B}
		{DCE314E0-2EB8-45FC-92BE-270078BC7F30} = {827E0CD3-B72D-47B6-A68D-7590B98EB39B}
		{60675BBF-7F62-45DD-A335-EFDADDDFB794} = {827E0CD3-B72D-47B6-A68D-7590B98EB39B}
		{62240576-AF57-49B8-B19B-9C3CC6CBAC7D} = {827E0CD3-B72D-47B6-A68D-7590B98EB39B}
		{8960E98E-67EB-4FDE-AF6A-81E6ABD9FAF8} = {827E0CD3-B72D-47B6-A68D-7590B98EB39B}
		{1EDADA1C-1346-40AB-954F-DC65D76A81F4} = {827E0CD3-B72D-47B6-A68D-7590B98EB39B}
		{5F3F6021-8D4A-4FDF-84B4-5BDBEBB80946} = {827E0CD3-B72D-47B6-A68D-7590B98EB39B}
		{FC27A0F4-2F5D-46D8-9757-5272064558FD} = {827E0CD3-B72D-47B6-A68D-7590B98EB39B}
		{4EDFB824-1323-41C0-BF47-343BC3696EA2} = {827E0CD3-B72D-47B6-A68D-7590B98EB39B}
		{E0BABC07-08AD-4051-87F1-1EC1B0765CE4} = {827E0CD3-B72D-47B6-A68D-7590B98EB39B}
		{404283D4-326F-4359-9969-9D6EC7FE629E} = {827E0CD3-B72D-47B6-A68D-7590B98EB39B}
		{3F772623-3FD6-492F-AF73-67FD69AF8D49} = {827E0CD3-B72D-47B6-A68D-7590B98EB39B}
		{25322A8C-7507-4476-A6C3-4A851DD8E081} = {827E0CD3-B72D-47B6-A68D-7590B98EB39B}
		{F8EB20B2-56EB-4151-9A81-C8F9F46B1AF4} = {827E0CD3-B72D-47B6-A68D-7590B98EB39B}
		{5922D51B-C3D6-406E-B122-030D9F9ED784} = {827E0CD3-B72D-47B6-A68D-7590B98EB39B}
		{85F7D223-20AB-4A37-9BAF-9F3788E13F53} = {0AB3BF05-4346-4AA6-1389-037BE0695223}
	EndGlobalSection
	GlobalSection(ExtensibilityGlobals) = postSolution
		SolutionGuid = {7473574D-5C8B-494E-9E90-98F9FC10518C}
	EndGlobalSection
EndGlobal
